
Microsoft Visual Studio Solution File, Format Version 12.00
Project("{2150E333-8FDC-42A3-9474-1A3956D46DE8}") = "src", "src", "{D217F3A1-3B02-4C37-8A9C-51879EA2C10F}"
EndProject
Project("{FAE04EC0-301F-11D3-BF4B-00C04F79EFBC}") = "Core", "src\Core\Core.csproj", "{A89DCE94-8C35-489F-B218-36CC291B5A4B}"
EndProject
Project("{FAE04EC0-301F-11D3-BF4B-00C04F79EFBC}") = "Api", "src\Api\Api.csproj", "{01B6F3FE-C4C3-40F5-BC81-5F79FA10FE05}"
EndProject
Project("{2150E333-8FDC-42A3-9474-1A3956D46DE8}") = "tests", "tests", "{984C55AA-1649-42DB-B389-6407984EA514}"
EndProject
Project("{2150E333-8FDC-42A3-9474-1A3956D46DE8}") = "docs", "docs", "{65133469-0429-489E-9083-B622AE4815EA}"
EndProject
Global
	GlobalSection(SolutionConfigurationPlatforms) = preSolution
		Debug|Any CPU = Debug|Any CPU
		Release|Any CPU = Release|Any CPU
	EndGlobalSection
	GlobalSection(NestedProjects) = preSolution
		{A89DCE94-8C35-489F-B218-36CC291B5A4B} = {D217F3A1-3B02-4C37-8A9C-51879EA2C10F}
		{01B6F3FE-C4C3-40F5-BC81-5F79FA10FE05} = {D217F3A1-3B02-4C37-8A9C-51879EA2C10F}
	EndGlobalSection
	GlobalSection(ProjectConfigurationPlatforms) = postSolution
		{A89DCE94-8C35-489F-B218-36CC291B5A4B}.Debug|Any CPU.ActiveCfg = Debug|Any CPU
		{A89DCE94-8C35-489F-B218-36CC291B5A4B}.Debug|Any CPU.Build.0 = Debug|Any CPU
		{A89DCE94-8C35-489F-B218-36CC291B5A4B}.Release|Any CPU.ActiveCfg = Release|Any CPU
		{A89DCE94-8C35-489F-B218-36CC291B5A4B}.Release|Any CPU.Build.0 = Release|Any CPU
		{01B6F3FE-C4C3-40F5-BC81-5F79FA10FE05}.Debug|Any CPU.ActiveCfg = Debug|Any CPU
		{01B6F3FE-C4C3-40F5-BC81-5F79FA10FE05}.Debug|Any CPU.Build.0 = Debug|Any CPU
		{01B6F3FE-C4C3-40F5-BC81-5F79FA10FE05}.Release|Any CPU.ActiveCfg = Release|Any CPU
		{01B6F3FE-C4C3-40F5-BC81-5F79FA10FE05}.Release|Any CPU.Build.0 = Release|Any CPU
	EndGlobalSection
EndGlobal
